
Microsoft Visual Studio Solution File, Format Version 12.00
# Visual Studio 2012
Project("{FAE04EC0-301F-11D3-BF4B-00C04F79EFBC}") = "Portal.Web", "Portal.Web\Portal.Web.csproj", "{A0D0E998-1A31-4347-BC77-335E5E452ECD}"
EndProject
Project("{FAE04EC0-301F-11D3-BF4B-00C04F79EFBC}") = "Portal.Web.Tests", "Portal.Web.Tests\Portal.Web.Tests.csproj", "{A448A114-BDD0-4F7E-86E9-1BCE3149861F}"
EndProject
Project("{FAE04EC0-301F-11D3-BF4B-00C04F79EFBC}") = "Portal.Data", "Portal.Data\Portal.Data.csproj", "{15969B16-EAD4-4EED-9CF9-72731CECE403}"
EndProject
Project("{FAE04EC0-301F-11D3-BF4B-00C04F79EFBC}") = "Portal.Worker", "Portal.Worker\Portal.Worker.csproj", "{6C7558D0-8620-4D90-846A-93BA85838169}"
EndProject
Global
	GlobalSection(SolutionConfigurationPlatforms) = preSolution
		Debug|Any CPU = Debug|Any CPU
		Release|Any CPU = Release|Any CPU
	EndGlobalSection
	GlobalSection(ProjectConfigurationPlatforms) = postSolution
		{A0D0E998-1A31-4347-BC77-335E5E452ECD}.Debug|Any CPU.ActiveCfg = Debug|Any CPU
		{A0D0E998-1A31-4347-BC77-335E5E452ECD}.Debug|Any CPU.Build.0 = Debug|Any CPU
		{A0D0E998-1A31-4347-BC77-335E5E452ECD}.Release|Any CPU.ActiveCfg = Release|Any CPU
		{A0D0E998-1A31-4347-BC77-335E5E452ECD}.Release|Any CPU.Build.0 = Release|Any CPU
		{A448A114-BDD0-4F7E-86E9-1BCE3149861F}.Debug|Any CPU.ActiveCfg = Debug|Any CPU
		{A448A114-BDD0-4F7E-86E9-1BCE3149861F}.Debug|Any CPU.Build.0 = Debug|Any CPU
		{A448A114-BDD0-4F7E-86E9-1BCE3149861F}.Release|Any CPU.ActiveCfg = Release|Any CPU
		{A448A114-BDD0-4F7E-86E9-1BCE3149861F}.Release|Any CPU.Build.0 = Release|Any CPU
		{15969B16-EAD4-4EED-9CF9-72731CECE403}.Debug|Any CPU.ActiveCfg = Debug|Any CPU
		{15969B16-EAD4-4EED-9CF9-72731CECE403}.Debug|Any CPU.Build.0 = Debug|Any CPU
		{15969B16-EAD4-4EED-9CF9-72731CECE403}.Release|Any CPU.ActiveCfg = Release|Any CPU
		{15969B16-EAD4-4EED-9CF9-72731CECE403}.Release|Any CPU.Build.0 = Release|Any CPU
		{6C7558D0-8620-4D90-846A-93BA85838169}.Debug|Any CPU.ActiveCfg = Debug|Any CPU
		{6C7558D0-8620-4D90-846A-93BA85838169}.Debug|Any CPU.Build.0 = Debug|Any CPU
		{6C7558D0-8620-4D90-846A-93BA85838169}.Release|Any CPU.ActiveCfg = Release|Any CPU
		{6C7558D0-8620-4D90-846A-93BA85838169}.Release|Any CPU.Build.0 = Release|Any CPU
	EndGlobalSection
	GlobalSection(SolutionProperties) = preSolution
		HideSolutionNode = FALSE
	EndGlobalSection
EndGlobal
